
Microsoft Visual Studio Solution File, Format Version 12.00
# Visual Studio Version 17
VisualStudioVersion = 17.10.35122.118
MinimumVisualStudioVersion = 10.0.40219.1
Project("{FAE04EC0-301F-11D3-BF4B-00C04F79EFBC}") = "UnitTestsBuilderPattern-Demo", "UnitTestsBuilderPattern-Demo\UnitTestsBuilderPattern-Demo.csproj", "{4A5D4ED0-C6B0-4A7A-9E68-855B2186BBDC}"
EndProject
Global
	GlobalSection(SolutionConfigurationPlatforms) = preSolution
		Debug|Any CPU = Debug|Any CPU
		Release|Any CPU = Release|Any CPU
	EndGlobalSection
	GlobalSection(ProjectConfigurationPlatforms) = postSolution
		{4A5D4ED0-C6B0-4A7A-9E68-855B2186BBDC}.Debug|Any CPU.ActiveCfg = Debug|Any CPU
		{4A5D4ED0-C6B0-4A7A-9E68-855B2186BBDC}.Debug|Any CPU.Build.0 = Debug|Any CPU
		{4A5D4ED0-C6B0-4A7A-9E68-855B2186BBDC}.Release|Any CPU.ActiveCfg = Release|Any CPU
		{4A5D4ED0-C6B0-4A7A-9E68-855B2186BBDC}.Release|Any CPU.Build.0 = Release|Any CPU
	EndGlobalSection
	GlobalSection(SolutionProperties) = preSolution
		HideSolutionNode = FALSE
	EndGlobalSection
	GlobalSection(ExtensibilityGlobals) = postSolution
		SolutionGuid = {C36FEE39-5C32-442A-B9DC-F49A90E96B45}
	EndGlobalSection
EndGlobal
